
Microsoft Visual Studio Solution File, Format Version 12.00
# Visual Studio Version 17
VisualStudioVersion = 17.9.34902.65
MinimumVisualStudioVersion = 10.0.40219.1
Project("{888888A0-9F3D-457C-B088-3A5042F75D52}") = "Vigenere Cipher", "Vigenere Cipher\Vigenere Cipher.pyproj", "{C1D40E21-027F-45B8-9660-EEAFCD24C2F3}"
EndProject
Global
	GlobalSection(SolutionConfigurationPlatforms) = preSolution
		Debug|Any CPU = Debug|Any CPU
		Release|Any CPU = Release|Any CPU
	EndGlobalSection
	GlobalSection(ProjectConfigurationPlatforms) = postSolution
		{C1D40E21-027F-45B8-9660-EEAFCD24C2F3}.Debug|Any CPU.ActiveCfg = Debug|Any CPU
		{C1D40E21-027F-45B8-9660-EEAFCD24C2F3}.Release|Any CPU.ActiveCfg = Release|Any CPU
	EndGlobalSection
	GlobalSection(SolutionProperties) = preSolution
		HideSolutionNode = FALSE
	EndGlobalSection
	GlobalSection(ExtensibilityGlobals) = postSolution
		SolutionGuid = {6DAF3845-BF86-46CD-B4A6-DF4F2AB8FB12}
	EndGlobalSection
EndGlobal
